// !$*UTF8*$!
{
	archiveVersion = 1;
	classes = {
	};
	objectVersion = 56;
	objects = {

/* Begin PBXBuildFile section */
		1A04719E2B9DC5DB00752E98 /* RickMortyListCell.swift in Sources */ = {isa = PBXBuildFile; fileRef = 1A04719C2B9DC5DB00752E98 /* RickMortyListCell.swift */; };
		1A04719F2B9DC5DB00752E98 /* RickMortyListCell.xib in Resources */ = {isa = PBXBuildFile; fileRef = 1A04719D2B9DC5DB00752E98 /* RickMortyListCell.xib */; };
		1A81787E2B95E5A300245ACD /* AppDelegate.swift in Sources */ = {isa = PBXBuildFile; fileRef = 1A81787D2B95E5A300245ACD /* AppDelegate.swift */; };
		1A8178802B95E5A300245ACD /* SceneDelegate.swift in Sources */ = {isa = PBXBuildFile; fileRef = 1A81787F2B95E5A300245ACD /* SceneDelegate.swift */; };
		1A8178872B95E5A500245ACD /* Assets.xcassets in Resources */ = {isa = PBXBuildFile; fileRef = 1A8178862B95E5A500245ACD /* Assets.xcassets */; };
		1A81788A2B95E5A500245ACD /* LaunchScreen.storyboard in Resources */ = {isa = PBXBuildFile; fileRef = 1A8178882B95E5A500245ACD /* LaunchScreen.storyboard */; };
		1A8178932B95E63700245ACD /* RickMortyListViewController.swift in Sources */ = {isa = PBXBuildFile; fileRef = 1A8178912B95E63700245ACD /* RickMortyListViewController.swift */; };
		1A8178942B95E63700245ACD /* RickMortyListViewController.xib in Resources */ = {isa = PBXBuildFile; fileRef = 1A8178922B95E63700245ACD /* RickMortyListViewController.xib */; };
		1AB460F72B9DC7ED002AA8F8 /* Character.swift in Sources */ = {isa = PBXBuildFile; fileRef = 1AB460F62B9DC7ED002AA8F8 /* Character.swift */; };
		1AB460F92B9DC997002AA8F8 /* GetCharactersReponse.swift in Sources */ = {isa = PBXBuildFile; fileRef = 1AB460F82B9DC997002AA8F8 /* GetCharactersReponse.swift */; };
		1AB461002B9DCE13002AA8F8 /* RickMortyListPresenter.swift in Sources */ = {isa = PBXBuildFile; fileRef = 1AB460FF2B9DCE13002AA8F8 /* RickMortyListPresenter.swift */; };
		1AB461062B9DCFE8002AA8F8 /* RickMortyDetailViewController.swift in Sources */ = {isa = PBXBuildFile; fileRef = 1AB461042B9DCFE8002AA8F8 /* RickMortyDetailViewController.swift */; };
		1AB461072B9DCFE8002AA8F8 /* RickMortyDetailViewController.xib in Resources */ = {isa = PBXBuildFile; fileRef = 1AB461052B9DCFE8002AA8F8 /* RickMortyDetailViewController.xib */; };
		1AB461092B9DD12D002AA8F8 /* RickMortyDetailPresenter.swift in Sources */ = {isa = PBXBuildFile; fileRef = 1AB461082B9DD12D002AA8F8 /* RickMortyDetailPresenter.swift */; };
/* End PBXBuildFile section */

/* Begin PBXFileReference section */
		1A04719C2B9DC5DB00752E98 /* RickMortyListCell.swift */ = {isa = PBXFileReference; lastKnownFileType = sourcecode.swift; path = RickMortyListCell.swift; sourceTree = "<group>"; };
		1A04719D2B9DC5DB00752E98 /* RickMortyListCell.xib */ = {isa = PBXFileReference; lastKnownFileType = file.xib; path = RickMortyListCell.xib; sourceTree = "<group>"; };
		1A81787A2B95E5A300245ACD /* DAMRickMorty.app */ = {isa = PBXFileReference; explicitFileType = wrapper.application; includeInIndex = 0; path = DAMRickMorty.app; sourceTree = BUILT_PRODUCTS_DIR; };
		1A81787D2B95E5A300245ACD /* AppDelegate.swift */ = {isa = PBXFileReference; lastKnownFileType = sourcecode.swift; path = AppDelegate.swift; sourceTree = "<group>"; };
		1A81787F2B95E5A300245ACD /* SceneDelegate.swift */ = {isa = PBXFileReference; lastKnownFileType = sourcecode.swift; path = SceneDelegate.swift; sourceTree = "<group>"; };
		1A8178862B95E5A500245ACD /* Assets.xcassets */ = {isa = PBXFileReference; lastKnownFileType = folder.assetcatalog; path = Assets.xcassets; sourceTree = "<group>"; };
		1A8178892B95E5A500245ACD /* Base */ = {isa = PBXFileReference; lastKnownFileType = file.storyboard; name = Base; path = Base.lproj/LaunchScreen.storyboard; sourceTree = "<group>"; };
		1A81788B2B95E5A500245ACD /* Info.plist */ = {isa = PBXFileReference; lastKnownFileType = text.plist.xml; path = Info.plist; sourceTree = "<group>"; };
		1A8178912B95E63700245ACD /* RickMortyListViewController.swift */ = {isa = PBXFileReference; lastKnownFileType = sourcecode.swift; path = RickMortyListViewController.swift; sourceTree = "<group>"; };
		1A8178922B95E63700245ACD /* RickMortyListViewController.xib */ = {isa = PBXFileReference; lastKnownFileType = file.xib; path = RickMortyListViewController.xib; sourceTree = "<group>"; };
		1AB460F62B9DC7ED002AA8F8 /* Character.swift */ = {isa = PBXFileReference; lastKnownFileType = sourcecode.swift; path = Character.swift; sourceTree = "<group>"; };
		1AB460F82B9DC997002AA8F8 /* GetCharactersReponse.swift */ = {isa = PBXFileReference; lastKnownFileType = sourcecode.swift; path = GetCharactersReponse.swift; sourceTree = "<group>"; };
		1AB460FF2B9DCE13002AA8F8 /* RickMortyListPresenter.swift */ = {isa = PBXFileReference; lastKnownFileType = sourcecode.swift; path = RickMortyListPresenter.swift; sourceTree = "<group>"; };
		1AB461042B9DCFE8002AA8F8 /* RickMortyDetailViewController.swift */ = {isa = PBXFileReference; lastKnownFileType = sourcecode.swift; path = RickMortyDetailViewController.swift; sourceTree = "<group>"; };
		1AB461052B9DCFE8002AA8F8 /* RickMortyDetailViewController.xib */ = {isa = PBXFileReference; lastKnownFileType = file.xib; path = RickMortyDetailViewController.xib; sourceTree = "<group>"; };
		1AB461082B9DD12D002AA8F8 /* RickMortyDetailPresenter.swift */ = {isa = PBXFileReference; lastKnownFileType = sourcecode.swift; path = RickMortyDetailPresenter.swift; sourceTree = "<group>"; };
/* End PBXFileReference section */

/* Begin PBXFrameworksBuildPhase section */
		1A8178772B95E5A300245ACD /* Frameworks */ = {
			isa = PBXFrameworksBuildPhase;
			buildActionMask = 2147483647;
			files = (
			);
			runOnlyForDeploymentPostprocessing = 0;
		};
/* End PBXFrameworksBuildPhase section */

/* Begin PBXGroup section */
		1A8178712B95E5A300245ACD = {
			isa = PBXGroup;
			children = (
				1A81787C2B95E5A300245ACD /* DAMRickMorty */,
				1A81787B2B95E5A300245ACD /* Products */,
			);
			sourceTree = "<group>";
		};
		1A81787B2B95E5A300245ACD /* Products */ = {
			isa = PBXGroup;
			children = (
				1A81787A2B95E5A300245ACD /* DAMRickMorty.app */,
			);
			name = Products;
			sourceTree = "<group>";
		};
		1A81787C2B95E5A300245ACD /* DAMRickMorty */ = {
			isa = PBXGroup;
			children = (
				1AB460FA2B9DCDD7002AA8F8 /* Scenes */,
				1A81787D2B95E5A300245ACD /* AppDelegate.swift */,
				1A81787F2B95E5A300245ACD /* SceneDelegate.swift */,
				1A8178862B95E5A500245ACD /* Assets.xcassets */,
				1A8178882B95E5A500245ACD /* LaunchScreen.storyboard */,
				1A81788B2B95E5A500245ACD /* Info.plist */,
				1AB460F62B9DC7ED002AA8F8 /* Character.swift */,
				1AB460F82B9DC997002AA8F8 /* GetCharactersReponse.swift */,
			);
			path = DAMRickMorty;
			sourceTree = "<group>";
		};
		1AB460FA2B9DCDD7002AA8F8 /* Scenes */ = {
			isa = PBXGroup;
			children = (
				1AB460FB2B9DCDDE002AA8F8 /* RickMortyList */,
				1AB461012B9DCFC0002AA8F8 /* RickMortyDetail */,
			);
			path = Scenes;
			sourceTree = "<group>";
		};
		1AB460FB2B9DCDDE002AA8F8 /* RickMortyList */ = {
			isa = PBXGroup;
			children = (
				1AB460FE2B9DCE01002AA8F8 /* Presenter */,
				1AB460FC2B9DCDE6002AA8F8 /* View */,
			);
			path = RickMortyList;
			sourceTree = "<group>";
		};
		1AB460FC2B9DCDE6002AA8F8 /* View */ = {
			isa = PBXGroup;
			children = (
				1AB460FD2B9DCDF3002AA8F8 /* ViewComponents */,
				1A8178912B95E63700245ACD /* RickMortyListViewController.swift */,
				1A8178922B95E63700245ACD /* RickMortyListViewController.xib */,
			);
			path = View;
			sourceTree = "<group>";
		};
		1AB460FD2B9DCDF3002AA8F8 /* ViewComponents */ = {
			isa = PBXGroup;
			children = (
				1A04719C2B9DC5DB00752E98 /* RickMortyListCell.swift */,
				1A04719D2B9DC5DB00752E98 /* RickMortyListCell.xib */,
			);
			path = ViewComponents;
			sourceTree = "<group>";
		};
		1AB460FE2B9DCE01002AA8F8 /* Presenter */ = {
			isa = PBXGroup;
			children = (
				1AB460FF2B9DCE13002AA8F8 /* RickMortyListPresenter.swift */,
			);
			path = Presenter;
			sourceTree = "<group>";
		};
		1AB461012B9DCFC0002AA8F8 /* RickMortyDetail */ = {
			isa = PBXGroup;
			children = (
				1AB461032B9DCFCF002AA8F8 /* Presenter */,
				1AB461022B9DCFCA002AA8F8 /* View */,
			);
			path = RickMortyDetail;
			sourceTree = "<group>";
		};
		1AB461022B9DCFCA002AA8F8 /* View */ = {
			isa = PBXGroup;
			children = (
				1AB461042B9DCFE8002AA8F8 /* RickMortyDetailViewController.swift */,
				1AB461052B9DCFE8002AA8F8 /* RickMortyDetailViewController.xib */,
			);
			path = View;
			sourceTree = "<group>";
		};
		1AB461032B9DCFCF002AA8F8 /* Presenter */ = {
			isa = PBXGroup;
			children = (
				1AB461082B9DD12D002AA8F8 /* RickMortyDetailPresenter.swift */,
			);
			path = Presenter;
			sourceTree = "<group>";
		};
/* End PBXGroup section */

/* Begin PBXNativeTarget section */
		1A8178792B95E5A300245ACD /* DAMRickMorty */ = {
			isa = PBXNativeTarget;
			buildConfigurationList = 1A81788E2B95E5A500245ACD /* Build configuration list for PBXNativeTarget "DAMRickMorty" */;
			buildPhases = (
				1A8178762B95E5A300245ACD /* Sources */,
				1A8178772B95E5A300245ACD /* Frameworks */,
				1A8178782B95E5A300245ACD /* Resources */,
			);
			buildRules = (
			);
			dependencies = (
			);
			name = DAMRickMorty;
			productName = DAMRickMorty;
			productReference = 1A81787A2B95E5A300245ACD /* DAMRickMorty.app */;
			productType = "com.apple.product-type.application";
		};
/* End PBXNativeTarget section */

/* Begin PBXProject section */
		1A8178722B95E5A300245ACD /* Project object */ = {
			isa = PBXProject;
			attributes = {
				BuildIndependentTargetsInParallel = 1;
				LastSwiftUpdateCheck = 1520;
				LastUpgradeCheck = 1520;
				TargetAttributes = {
					1A8178792B95E5A300245ACD = {
						CreatedOnToolsVersion = 15.2;
					};
				};
			};
			buildConfigurationList = 1A8178752B95E5A300245ACD /* Build configuration list for PBXProject "DAMRickMorty" */;
			compatibilityVersion = "Xcode 14.0";
			developmentRegion = en;
			hasScannedForEncodings = 0;
			knownRegions = (
				en,
				Base,
			);
			mainGroup = 1A8178712B95E5A300245ACD;
			productRefGroup = 1A81787B2B95E5A300245ACD /* Products */;
			projectDirPath = "";
			projectRoot = "";
			targets = (
				1A8178792B95E5A300245ACD /* DAMRickMorty */,
			);
		};
/* End PBXProject section */

/* Begin PBXResourcesBuildPhase section */
		1A8178782B95E5A300245ACD /* Resources */ = {
			isa = PBXResourcesBuildPhase;
			buildActionMask = 2147483647;
			files = (
				1AB461072B9DCFE8002AA8F8 /* RickMortyDetailViewController.xib in Resources */,
				1A81788A2B95E5A500245ACD /* LaunchScreen.storyboard in Resources */,
				1A8178872B95E5A500245ACD /* Assets.xcassets in Resources */,
				1A04719F2B9DC5DB00752E98 /* RickMortyListCell.xib in Resources */,
				1A8178942B95E63700245ACD /* RickMortyListViewController.xib in Resources */,
			);
			runOnlyForDeploymentPostprocessing = 0;
		};
/* End PBXResourcesBuildPhase section */

/* Begin PBXSourcesBuildPhase section */
		1A8178762B95E5A300245ACD /* Sources */ = {
			isa = PBXSourcesBuildPhase;
			buildActionMask = 2147483647;
			files = (
				1AB461002B9DCE13002AA8F8 /* RickMortyListPresenter.swift in Sources */,
				1A8178932B95E63700245ACD /* RickMortyListViewController.swift in Sources */,
				1AB461092B9DD12D002AA8F8 /* RickMortyDetailPresenter.swift in Sources */,
				1AB460F92B9DC997002AA8F8 /* GetCharactersReponse.swift in Sources */,
				1A81787E2B95E5A300245ACD /* AppDelegate.swift in Sources */,
				1AB461062B9DCFE8002AA8F8 /* RickMortyDetailViewController.swift in Sources */,
				1AB460F72B9DC7ED002AA8F8 /* Character.swift in Sources */,
				1A04719E2B9DC5DB00752E98 /* RickMortyListCell.swift in Sources */,
				1A8178802B95E5A300245ACD /* SceneDelegate.swift in Sources */,
			);
			runOnlyForDeploymentPostprocessing = 0;
		};
/* End PBXSourcesBuildPhase section */

/* Begin PBXVariantGroup section */
		1A8178882B95E5A500245ACD /* LaunchScreen.storyboard */ = {
			isa = PBXVariantGroup;
			children = (
				1A8178892B95E5A500245ACD /* Base */,
			);
			name = LaunchScreen.storyboard;
			sourceTree = "<group>";
		};
/* End PBXVariantGroup section */

/* Begin XCBuildConfiguration section */
		1A81788C2B95E5A500245ACD /* Debug */ = {
			isa = XCBuildConfiguration;
			buildSettings = {
				ALWAYS_SEARCH_USER_PATHS = NO;
				ASSETCATALOG_COMPILER_GENERATE_SWIFT_ASSET_SYMBOL_EXTENSIONS = YES;
				CLANG_ANALYZER_NONNULL = YES;
				CLANG_ANALYZER_NUMBER_OBJECT_CONVERSION = YES_AGGRESSIVE;
				CLANG_CXX_LANGUAGE_STANDARD = "gnu++20";
				CLANG_ENABLE_MODULES = YES;
				CLANG_ENABLE_OBJC_ARC = YES;
				CLANG_ENABLE_OBJC_WEAK = YES;
				CLANG_WARN_BLOCK_CAPTURE_AUTORELEASING = YES;
				CLANG_WARN_BOOL_CONVERSION = YES;
				CLANG_WARN_COMMA = YES;
				CLANG_WARN_CONSTANT_CONVERSION = YES;
				CLANG_WARN_DEPRECATED_OBJC_IMPLEMENTATIONS = YES;
				CLANG_WARN_DIRECT_OBJC_ISA_USAGE = YES_ERROR;
				CLANG_WARN_DOCUMENTATION_COMMENTS = YES;
				CLANG_WARN_EMPTY_BODY = YES;
				CLANG_WARN_ENUM_CONVERSION = YES;
				CLANG_WARN_INFINITE_RECURSION = YES;
				CLANG_WARN_INT_CONVERSION = YES;
				CLANG_WARN_NON_LITERAL_NULL_CONVERSION = YES;
				CLANG_WARN_OBJC_IMPLICIT_RETAIN_SELF = YES;
				CLANG_WARN_OBJC_LITERAL_CONVERSION = YES;
				CLANG_WARN_OBJC_ROOT_CLASS = YES_ERROR;
				CLANG_WARN_QUOTED_INCLUDE_IN_FRAMEWORK_HEADER = YES;
				CLANG_WARN_RANGE_LOOP_ANALYSIS = YES;
				CLANG_WARN_STRICT_PROTOTYPES = YES;
				CLANG_WARN_SUSPICIOUS_MOVE = YES;
				CLANG_WARN_UNGUARDED_AVAILABILITY = YES_AGGRESSIVE;
				CLANG_WARN_UNREACHABLE_CODE = YES;
				CLANG_WARN__DUPLICATE_METHOD_MATCH = YES;
				COPY_PHASE_STRIP = NO;
				DEBUG_INFORMATION_FORMAT = dwarf;
				ENABLE_STRICT_OBJC_MSGSEND = YES;
				ENABLE_TESTABILITY = YES;
				ENABLE_USER_SCRIPT_SANDBOXING = YES;
				GCC_C_LANGUAGE_STANDARD = gnu17;
				GCC_DYNAMIC_NO_PIC = NO;
				GCC_NO_COMMON_BLOCKS = YES;
				GCC_OPTIMIZATION_LEVEL = 0;
				GCC_PREPROCESSOR_DEFINITIONS = (
					"DEBUG=1",
					"$(inherited)",
				);
				GCC_WARN_64_TO_32_BIT_CONVERSION = YES;
				GCC_WARN_ABOUT_RETURN_TYPE = YES_ERROR;
				GCC_WARN_UNDECLARED_SELECTOR = YES;
				GCC_WARN_UNINITIALIZED_AUTOS = YES_AGGRESSIVE;
				GCC_WARN_UNUSED_FUNCTION = YES;
				GCC_WARN_UNUSED_VARIABLE = YES;
				IPHONEOS_DEPLOYMENT_TARGET = 17.2;
				LOCALIZATION_PREFERS_STRING_CATALOGS = YES;
				MTL_ENABLE_DEBUG_INFO = INCLUDE_SOURCE;
				MTL_FAST_MATH = YES;
				ONLY_ACTIVE_ARCH = YES;
				SDKROOT = iphoneos;
				SWIFT_ACTIVE_COMPILATION_CONDITIONS = "DEBUG $(inherited)";
				SWIFT_OPTIMIZATION_LEVEL = "-Onone";
			};
			name = Debug;
		};
		1A81788D2B95E5A500245ACD /* Release */ = {
			isa = XCBuildConfiguration;
			buildSettings = {
				ALWAYS_SEARCH_USER_PATHS = NO;
				ASSETCATALOG_COMPILER_GENERATE_SWIFT_ASSET_SYMBOL_EXTENSIONS = YES;
				CLANG_ANALYZER_NONNULL = YES;
				CLANG_ANALYZER_NUMBER_OBJECT_CONVERSION = YES_AGGRESSIVE;
				CLANG_CXX_LANGUAGE_STANDARD = "gnu++20";
				CLANG_ENABLE_MODULES = YES;
				CLANG_ENABLE_OBJC_ARC = YES;
				CLANG_ENABLE_OBJC_WEAK = YES;
				CLANG_WARN_BLOCK_CAPTURE_AUTORELEASING = YES;
				CLANG_WARN_BOOL_CONVERSION = YES;
				CLANG_WARN_COMMA = YES;
				CLANG_WARN_CONSTANT_CONVERSION = YES;
				CLANG_WARN_DEPRECATED_OBJC_IMPLEMENTATIONS = YES;
				CLANG_WARN_DIRECT_OBJC_ISA_USAGE = YES_ERROR;
				CLANG_WARN_DOCUMENTATION_COMMENTS = YES;
				CLANG_WARN_EMPTY_BODY = YES;
				CLANG_WARN_ENUM_CONVERSION = YES;
				CLANG_WARN_INFINITE_RECURSION = YES;
				CLANG_WARN_INT_CONVERSION = YES;
				CLANG_WARN_NON_LITERAL_NULL_CONVERSION = YES;
				CLANG_WARN_OBJC_IMPLICIT_RETAIN_SELF = YES;
				CLANG_WARN_OBJC_LITERAL_CONVERSION = YES;
				CLANG_WARN_OBJC_ROOT_CLASS = YES_ERROR;
				CLANG_WARN_QUOTED_INCLUDE_IN_FRAMEWORK_HEADER = YES;
				CLANG_WARN_RANGE_LOOP_ANALYSIS = YES;
				CLANG_WARN_STRICT_PROTOTYPES = YES;
				CLANG_WARN_SUSPICIOUS_MOVE = YES;
				CLANG_WARN_UNGUARDED_AVAILABILITY = YES_AGGRESSIVE;
				CLANG_WARN_UNREACHABLE_CODE = YES;
				CLANG_WARN__DUPLICATE_METHOD_MATCH = YES;
				COPY_PHASE_STRIP = NO;
				DEBUG_INFORMATION_FORMAT = "dwarf-with-dsym";
				ENABLE_NS_ASSERTIONS = NO;
				ENABLE_STRICT_OBJC_MSGSEND = YES;
				ENABLE_USER_SCRIPT_SANDBOXING = YES;
				GCC_C_LANGUAGE_STANDARD = gnu17;
				GCC_NO_COMMON_BLOCKS = YES;
				GCC_WARN_64_TO_32_BIT_CONVERSION = YES;
				GCC_WARN_ABOUT_RETURN_TYPE = YES_ERROR;
				GCC_WARN_UNDECLARED_SELECTOR = YES;
				GCC_WARN_UNINITIALIZED_AUTOS = YES_AGGRESSIVE;
				GCC_WARN_UNUSED_FUNCTION = YES;
				GCC_WARN_UNUSED_VARIABLE = YES;
				IPHONEOS_DEPLOYMENT_TARGET = 17.2;
				LOCALIZATION_PREFERS_STRING_CATALOGS = YES;
				MTL_ENABLE_DEBUG_INFO = NO;
				MTL_FAST_MATH = YES;
				SDKROOT = iphoneos;
				SWIFT_COMPILATION_MODE = wholemodule;
				VALIDATE_PRODUCT = YES;
			};
			name = Release;
		};
		1A81788F2B95E5A500245ACD /* Debug */ = {
			isa = XCBuildConfiguration;
			buildSettings = {
				ASSETCATALOG_COMPILER_APPICON_NAME = AppIcon;
				ASSETCATALOG_COMPILER_GLOBAL_ACCENT_COLOR_NAME = AccentColor;
				CODE_SIGN_STYLE = Automatic;
				CURRENT_PROJECT_VERSION = 1;
				DEVELOPMENT_TEAM = 85YP73WK35;
				GENERATE_INFOPLIST_FILE = YES;
				INFOPLIST_FILE = DAMRickMorty/Info.plist;
				INFOPLIST_KEY_UIApplicationSupportsIndirectInputEvents = YES;
				INFOPLIST_KEY_UILaunchStoryboardName = LaunchScreen;
				INFOPLIST_KEY_UISupportedInterfaceOrientations = UIInterfaceOrientationPortrait;
				INFOPLIST_KEY_UISupportedInterfaceOrientations_iPad = "UIInterfaceOrientationLandscapeLeft UIInterfaceOrientationLandscapeRight UIInterfaceOrientationPortrait UIInterfaceOrientationPortraitUpsideDown";
				IPHONEOS_DEPLOYMENT_TARGET = 16.4;
				LD_RUNPATH_SEARCH_PATHS = (
					"$(inherited)",
					"@executable_path/Frameworks",
				);
				MARKETING_VERSION = 1.0;
				PRODUCT_BUNDLE_IDENTIFIER = ies.quevedo.DAMRickMorty;
				PRODUCT_NAME = "$(TARGET_NAME)";
				SUPPORTED_PLATFORMS = "iphoneos iphonesimulator";
				SUPPORTS_MACCATALYST = NO;
				SUPPORTS_MAC_DESIGNED_FOR_IPHONE_IPAD = NO;
				SUPPORTS_XR_DESIGNED_FOR_IPHONE_IPAD = NO;
				SWIFT_EMIT_LOC_STRINGS = YES;
				SWIFT_VERSION = 5.0;
				TARGETED_DEVICE_FAMILY = 1;
			};
			name = Debug;
		};
		1A8178902B95E5A500245ACD /* Release */ = {
			isa = XCBuildConfiguration;
			buildSettings = {
				ASSETCATALOG_COMPILER_APPICON_NAME = AppIcon;
				ASSETCATALOG_COMPILER_GLOBAL_ACCENT_COLOR_NAME = AccentColor;
				CODE_SIGN_STYLE = Automatic;
				CURRENT_PROJECT_VERSION = 1;
				DEVELOPMENT_TEAM = 85YP73WK35;
				GENERATE_INFOPLIST_FILE = YES;
				INFOPLIST_FILE = DAMRickMorty/Info.plist;
				INFOPLIST_KEY_UIApplicationSupportsIndirectInputEvents = YES;
				INFOPLIST_KEY_UILaunchStoryboardName = LaunchScreen;
				INFOPLIST_KEY_UISupportedInterfaceOrientations = UIInterfaceOrientationPortrait;
				INFOPLIST_KEY_UISupportedInterfaceOrientations_iPad = "UIInterfaceOrientationLandscapeLeft UIInterfaceOrientationLandscapeRight UIInterfaceOrientationPortrait UIInterfaceOrientationPortraitUpsideDown";
				IPHONEOS_DEPLOYMENT_TARGET = 16.4;
				LD_RUNPATH_SEARCH_PATHS = (
					"$(inherited)",
					"@executable_path/Frameworks",
				);
				MARKETING_VERSION = 1.0;
				PRODUCT_BUNDLE_IDENTIFIER = ies.quevedo.DAMRickMorty;
				PRODUCT_NAME = "$(TARGET_NAME)";
				SUPPORTED_PLATFORMS = "iphoneos iphonesimulator";
				SUPPORTS_MACCATALYST = NO;
				SUPPORTS_MAC_DESIGNED_FOR_IPHONE_IPAD = NO;
				SUPPORTS_XR_DESIGNED_FOR_IPHONE_IPAD = NO;
				SWIFT_EMIT_LOC_STRINGS = YES;
				SWIFT_VERSION = 5.0;
				TARGETED_DEVICE_FAMILY = 1;
			};
			name = Release;
		};
/* End XCBuildConfiguration section */

/* Begin XCConfigurationList section */
		1A8178752B95E5A300245ACD /* Build configuration list for PBXProject "DAMRickMorty" */ = {
			isa = XCConfigurationList;
			buildConfigurations = (
				1A81788C2B95E5A500245ACD /* Debug */,
				1A81788D2B95E5A500245ACD /* Release */,
			);
			defaultConfigurationIsVisible = 0;
			defaultConfigurationName = Release;
		};
		1A81788E2B95E5A500245ACD /* Build configuration list for PBXNativeTarget "DAMRickMorty" */ = {
			isa = XCConfigurationList;
			buildConfigurations = (
				1A81788F2B95E5A500245ACD /* Debug */,
				1A8178902B95E5A500245ACD /* Release */,
			);
			defaultConfigurationIsVisible = 0;
			defaultConfigurationName = Release;
		};
/* End XCConfigurationList section */
	};
	rootObject = 1A8178722B95E5A300245ACD /* Project object */;
}
